
Microsoft Visual Studio Solution File, Format Version 12.00
# Visual Studio Version 17
VisualStudioVersion = 17.10.35013.160
MinimumVisualStudioVersion = 10.0.40219.1
Project("{FAE04EC0-301F-11D3-BF4B-00C04F79EFBC}") = "Practice_1", "Practice_1\Practice_1.csproj", "{C836DC3D-55CC-4256-BD9B-ECD63CF9D9C3}"
EndProject
Project("{FAE04EC0-301F-11D3-BF4B-00C04F79EFBC}") = "Practice_1.DataAccess", "Practice_1.DataAccess\Practice_1.DataAccess.csproj", "{5C4490AE-DBC6-46DE-A688-EF0A781E2E6C}"
EndProject
Project("{FAE04EC0-301F-11D3-BF4B-00C04F79EFBC}") = "Practice_1.Models", "Practice_1.Models\Practice_1.Models.csproj", "{D925C028-CBDC-4E66-A182-C3249DC40C3C}"
EndProject
Project("{FAE04EC0-301F-11D3-BF4B-00C04F79EFBC}") = "Practice_1.Service", "Practice_1.Service\Practice_1.Service.csproj", "{DB450D4B-D9BA-475E-9960-33ECCBE16B88}"
EndProject
Global
	GlobalSection(SolutionConfigurationPlatforms) = preSolution
		Debug|Any CPU = Debug|Any CPU
		Release|Any CPU = Release|Any CPU
	EndGlobalSection
	GlobalSection(ProjectConfigurationPlatforms) = postSolution
		{C836DC3D-55CC-4256-BD9B-ECD63CF9D9C3}.Debug|Any CPU.ActiveCfg = Debug|Any CPU
		{C836DC3D-55CC-4256-BD9B-ECD63CF9D9C3}.Debug|Any CPU.Build.0 = Debug|Any CPU
		{C836DC3D-55CC-4256-BD9B-ECD63CF9D9C3}.Release|Any CPU.ActiveCfg = Release|Any CPU
		{C836DC3D-55CC-4256-BD9B-ECD63CF9D9C3}.Release|Any CPU.Build.0 = Release|Any CPU
		{5C4490AE-DBC6-46DE-A688-EF0A781E2E6C}.Debug|Any CPU.ActiveCfg = Debug|Any CPU
		{5C4490AE-DBC6-46DE-A688-EF0A781E2E6C}.Debug|Any CPU.Build.0 = Debug|Any CPU
		{5C4490AE-DBC6-46DE-A688-EF0A781E2E6C}.Release|Any CPU.ActiveCfg = Release|Any CPU
		{5C4490AE-DBC6-46DE-A688-EF0A781E2E6C}.Release|Any CPU.Build.0 = Release|Any CPU
		{D925C028-CBDC-4E66-A182-C3249DC40C3C}.Debug|Any CPU.ActiveCfg = Debug|Any CPU
		{D925C028-CBDC-4E66-A182-C3249DC40C3C}.Debug|Any CPU.Build.0 = Debug|Any CPU
		{D925C028-CBDC-4E66-A182-C3249DC40C3C}.Release|Any CPU.ActiveCfg = Release|Any CPU
		{D925C028-CBDC-4E66-A182-C3249DC40C3C}.Release|Any CPU.Build.0 = Release|Any CPU
		{DB450D4B-D9BA-475E-9960-33ECCBE16B88}.Debug|Any CPU.ActiveCfg = Debug|Any CPU
		{DB450D4B-D9BA-475E-9960-33ECCBE16B88}.Debug|Any CPU.Build.0 = Debug|Any CPU
		{DB450D4B-D9BA-475E-9960-33ECCBE16B88}.Release|Any CPU.ActiveCfg = Release|Any CPU
		{DB450D4B-D9BA-475E-9960-33ECCBE16B88}.Release|Any CPU.Build.0 = Release|Any CPU
	EndGlobalSection
	GlobalSection(SolutionProperties) = preSolution
		HideSolutionNode = FALSE
	EndGlobalSection
	GlobalSection(ExtensibilityGlobals) = postSolution
		SolutionGuid = {4DB3235C-9175-444F-96EF-DAECA13A0675}
	EndGlobalSection
EndGlobal
